
Microsoft Visual Studio Solution File, Format Version 12.00
# Visual Studio 2012
Project("{FAE04EC0-301F-11D3-BF4B-00C04F79EFBC}") = "TeamworkReporter", "TeamworkReporter\TeamworkReporter.csproj", "{EE26FC0B-FB6D-475F-AA80-BD1D5563A5B8}"
EndProject
Project("{FAE04EC0-301F-11D3-BF4B-00C04F79EFBC}") = "TeamworkReporterTests", "TeamworkReporterTests\TeamworkReporterTests.csproj", "{2B32B303-8FD4-4D38-BC43-5F197F08125D}"
EndProject
Project("{FAE04EC0-301F-11D3-BF4B-00C04F79EFBC}") = "TeamworkReporter.TwClient", "TeamworkReporter.TwClient\TeamworkReporter.TwClient.csproj", "{B6A4EBBF-3B4E-412D-8F72-7ADE7A77D814}"
EndProject
Project("{FAE04EC0-301F-11D3-BF4B-00C04F79EFBC}") = "TeamworkReporter.TwClientTests", "TeamworkReporter.TwClientTests\TeamworkReporter.TwClientTests.csproj", "{0A1AC7E7-1A67-4E58-9CE8-C2A2FF5232C7}"
EndProject
Global
	GlobalSection(SolutionConfigurationPlatforms) = preSolution
		Debug|Any CPU = Debug|Any CPU
		Release|Any CPU = Release|Any CPU
	EndGlobalSection
	GlobalSection(ProjectConfigurationPlatforms) = postSolution
		{EE26FC0B-FB6D-475F-AA80-BD1D5563A5B8}.Debug|Any CPU.ActiveCfg = Debug|Any CPU
		{EE26FC0B-FB6D-475F-AA80-BD1D5563A5B8}.Debug|Any CPU.Build.0 = Debug|Any CPU
		{EE26FC0B-FB6D-475F-AA80-BD1D5563A5B8}.Release|Any CPU.ActiveCfg = Release|Any CPU
		{EE26FC0B-FB6D-475F-AA80-BD1D5563A5B8}.Release|Any CPU.Build.0 = Release|Any CPU
		{2B32B303-8FD4-4D38-BC43-5F197F08125D}.Debug|Any CPU.ActiveCfg = Debug|Any CPU
		{2B32B303-8FD4-4D38-BC43-5F197F08125D}.Debug|Any CPU.Build.0 = Debug|Any CPU
		{2B32B303-8FD4-4D38-BC43-5F197F08125D}.Release|Any CPU.ActiveCfg = Release|Any CPU
		{2B32B303-8FD4-4D38-BC43-5F197F08125D}.Release|Any CPU.Build.0 = Release|Any CPU
		{B6A4EBBF-3B4E-412D-8F72-7ADE7A77D814}.Debug|Any CPU.ActiveCfg = Debug|Any CPU
		{B6A4EBBF-3B4E-412D-8F72-7ADE7A77D814}.Debug|Any CPU.Build.0 = Debug|Any CPU
		{B6A4EBBF-3B4E-412D-8F72-7ADE7A77D814}.Release|Any CPU.ActiveCfg = Release|Any CPU
		{B6A4EBBF-3B4E-412D-8F72-7ADE7A77D814}.Release|Any CPU.Build.0 = Release|Any CPU
		{0A1AC7E7-1A67-4E58-9CE8-C2A2FF5232C7}.Debug|Any CPU.ActiveCfg = Debug|Any CPU
		{0A1AC7E7-1A67-4E58-9CE8-C2A2FF5232C7}.Debug|Any CPU.Build.0 = Debug|Any CPU
		{0A1AC7E7-1A67-4E58-9CE8-C2A2FF5232C7}.Release|Any CPU.ActiveCfg = Release|Any CPU
		{0A1AC7E7-1A67-4E58-9CE8-C2A2FF5232C7}.Release|Any CPU.Build.0 = Release|Any CPU
	EndGlobalSection
	GlobalSection(SolutionProperties) = preSolution
		HideSolutionNode = FALSE
	EndGlobalSection
EndGlobal
